// !$*UTF8*$!
{
	archiveVersion = 1;
	classes = {
	};
	objectVersion = 46;
	objects = {

/* Begin PBXBuildFile section */
		240C9CFB1E97C5AF004748F0 /* StationCell.swift in Sources */ = {isa = PBXBuildFile; fileRef = 240C9CFA1E97C5AF004748F0 /* StationCell.swift */; };
		240C9CFD1E97C5D4004748F0 /* GenreCell.swift in Sources */ = {isa = PBXBuildFile; fileRef = 240C9CFC1E97C5D4004748F0 /* GenreCell.swift */; };
		242011951ECB3F8F00FDC155 /* AccountSettingsCell.swift in Sources */ = {isa = PBXBuildFile; fileRef = 242011941ECB3F8F00FDC155 /* AccountSettingsCell.swift */; };
		242011971ECB40DB00FDC155 /* FeedbackCell.swift in Sources */ = {isa = PBXBuildFile; fileRef = 242011961ECB40DB00FDC155 /* FeedbackCell.swift */; };
		242DE4691EB9C4AD001479C8 /* UnlockedStationDetailViewController.swift in Sources */ = {isa = PBXBuildFile; fileRef = 242DE4681EB9C4AD001479C8 /* UnlockedStationDetailViewController.swift */; };
		242DE46B1EB9C70F001479C8 /* TemporaryUnlockedStationDetailViewController.swift in Sources */ = {isa = PBXBuildFile; fileRef = 242DE46A1EB9C70F001479C8 /* TemporaryUnlockedStationDetailViewController.swift */; };
		242DE46D1EBC73B4001479C8 /* FavStationsViewController.swift in Sources */ = {isa = PBXBuildFile; fileRef = 242DE46C1EBC73B4001479C8 /* FavStationsViewController.swift */; };
		242DE46F1EBC751D001479C8 /* FavStationCell.swift in Sources */ = {isa = PBXBuildFile; fileRef = 242DE46E1EBC751D001479C8 /* FavStationCell.swift */; };
		242DE7D71E56080300A11093 /* AppDelegate.swift in Sources */ = {isa = PBXBuildFile; fileRef = 242DE7D61E56080300A11093 /* AppDelegate.swift */; };
		242DE7D91E56080300A11093 /* ViewController.swift in Sources */ = {isa = PBXBuildFile; fileRef = 242DE7D81E56080300A11093 /* ViewController.swift */; };
		242DE7DC1E56080300A11093 /* Main.storyboard in Resources */ = {isa = PBXBuildFile; fileRef = 242DE7DA1E56080300A11093 /* Main.storyboard */; };
		242DE7DE1E56080300A11093 /* Assets.xcassets in Resources */ = {isa = PBXBuildFile; fileRef = 242DE7DD1E56080300A11093 /* Assets.xcassets */; };
		242DE7E11E56080300A11093 /* LaunchScreen.storyboard in Resources */ = {isa = PBXBuildFile; fileRef = 242DE7DF1E56080300A11093 /* LaunchScreen.storyboard */; };
		242DE7EC1E56080300A11093 /* RadioUITests.swift in Sources */ = {isa = PBXBuildFile; fileRef = 242DE7EB1E56080300A11093 /* RadioUITests.swift */; };
		242DE7F71E56080400A11093 /* RadioUIUITests.swift in Sources */ = {isa = PBXBuildFile; fileRef = 242DE7F61E56080400A11093 /* RadioUIUITests.swift */; };
		24863D251EC5016D0056A14C /* ShareView.xib in Resources */ = {isa = PBXBuildFile; fileRef = 24863D241EC5016D0056A14C /* ShareView.xib */; };
		24863D271EC9BD630056A14C /* GenreContentsCell.swift in Sources */ = {isa = PBXBuildFile; fileRef = 24863D261EC9BD630056A14C /* GenreContentsCell.swift */; };
		24863D291EC9FAB40056A14C /* SoundSettingsCell.swift in Sources */ = {isa = PBXBuildFile; fileRef = 24863D281EC9FAB40056A14C /* SoundSettingsCell.swift */; };
		24863D2B1EC9FAE60056A14C /* SettingsViewController.swift in Sources */ = {isa = PBXBuildFile; fileRef = 24863D2A1EC9FAE60056A14C /* SettingsViewController.swift */; };
		249BC0941EB27303007FC753 /* DetailViewController.swift in Sources */ = {isa = PBXBuildFile; fileRef = 249BC0931EB27303007FC753 /* DetailViewController.swift */; };
		249BC0961EB3C322007FC753 /* LockedStationDetailViewController.swift in Sources */ = {isa = PBXBuildFile; fileRef = 249BC0951EB3C322007FC753 /* LockedStationDetailViewController.swift */; };
		24D5A75C1EA5246500681778 /* Helpers.swift in Sources */ = {isa = PBXBuildFile; fileRef = 24D5A75B1EA5246500681778 /* Helpers.swift */; };
		24D5A75E1EA7BF2600681778 /* Podfile in Resources */ = {isa = PBXBuildFile; fileRef = 24D5A75D1EA7BF2600681778 /* Podfile */; };
		48E2918DE779471FA2BBF689 /* Pods_RadioUI.framework in Frameworks */ = {isa = PBXBuildFile; fileRef = 5A6AEA2F539F4B57F392319A /* Pods_RadioUI.framework */; };
/* End PBXBuildFile section */

/* Begin PBXContainerItemProxy section */
		242DE7E81E56080300A11093 /* PBXContainerItemProxy */ = {
			isa = PBXContainerItemProxy;
			containerPortal = 242DE7CB1E56080300A11093 /* Project object */;
			proxyType = 1;
			remoteGlobalIDString = 242DE7D21E56080300A11093;
			remoteInfo = RadioUI;
		};
		242DE7F31E56080400A11093 /* PBXContainerItemProxy */ = {
			isa = PBXContainerItemProxy;
			containerPortal = 242DE7CB1E56080300A11093 /* Project object */;
			proxyType = 1;
			remoteGlobalIDString = 242DE7D21E56080300A11093;
			remoteInfo = RadioUI;
		};
/* End PBXContainerItemProxy section */

/* Begin PBXFileReference section */
		240C9CFA1E97C5AF004748F0 /* StationCell.swift */ = {isa = PBXFileReference; fileEncoding = 4; lastKnownFileType = sourcecode.swift; path = StationCell.swift; sourceTree = "<group>"; };
		240C9CFC1E97C5D4004748F0 /* GenreCell.swift */ = {isa = PBXFileReference; fileEncoding = 4; lastKnownFileType = sourcecode.swift; path = GenreCell.swift; sourceTree = "<group>"; };
		242011941ECB3F8F00FDC155 /* AccountSettingsCell.swift */ = {isa = PBXFileReference; fileEncoding = 4; lastKnownFileType = sourcecode.swift; path = AccountSettingsCell.swift; sourceTree = "<group>"; };
		242011961ECB40DB00FDC155 /* FeedbackCell.swift */ = {isa = PBXFileReference; fileEncoding = 4; lastKnownFileType = sourcecode.swift; path = FeedbackCell.swift; sourceTree = "<group>"; };
		242DE4681EB9C4AD001479C8 /* UnlockedStationDetailViewController.swift */ = {isa = PBXFileReference; fileEncoding = 4; lastKnownFileType = sourcecode.swift; path = UnlockedStationDetailViewController.swift; sourceTree = "<group>"; };
		242DE46A1EB9C70F001479C8 /* TemporaryUnlockedStationDetailViewController.swift */ = {isa = PBXFileReference; fileEncoding = 4; lastKnownFileType = sourcecode.swift; path = TemporaryUnlockedStationDetailViewController.swift; sourceTree = "<group>"; };
		242DE46C1EBC73B4001479C8 /* FavStationsViewController.swift */ = {isa = PBXFileReference; fileEncoding = 4; lastKnownFileType = sourcecode.swift; path = FavStationsViewController.swift; sourceTree = "<group>"; };
		242DE46E1EBC751D001479C8 /* FavStationCell.swift */ = {isa = PBXFileReference; fileEncoding = 4; lastKnownFileType = sourcecode.swift; path = FavStationCell.swift; sourceTree = "<group>"; };
		242DE7D31E56080300A11093 /* RadioUI.app */ = {isa = PBXFileReference; explicitFileType = wrapper.application; includeInIndex = 0; path = RadioUI.app; sourceTree = BUILT_PRODUCTS_DIR; };
		242DE7D61E56080300A11093 /* AppDelegate.swift */ = {isa = PBXFileReference; lastKnownFileType = sourcecode.swift; path = AppDelegate.swift; sourceTree = "<group>"; };
		242DE7D81E56080300A11093 /* ViewController.swift */ = {isa = PBXFileReference; lastKnownFileType = sourcecode.swift; path = ViewController.swift; sourceTree = "<group>"; };
		242DE7DB1E56080300A11093 /* Base */ = {isa = PBXFileReference; lastKnownFileType = file.storyboard; name = Base; path = Base.lproj/Main.storyboard; sourceTree = "<group>"; };
		242DE7DD1E56080300A11093 /* Assets.xcassets */ = {isa = PBXFileReference; lastKnownFileType = folder.assetcatalog; path = Assets.xcassets; sourceTree = "<group>"; };
		242DE7E01E56080300A11093 /* Base */ = {isa = PBXFileReference; lastKnownFileType = file.storyboard; name = Base; path = Base.lproj/LaunchScreen.storyboard; sourceTree = "<group>"; };
		242DE7E21E56080300A11093 /* Info.plist */ = {isa = PBXFileReference; lastKnownFileType = text.plist.xml; path = Info.plist; sourceTree = "<group>"; };
		242DE7E71E56080300A11093 /* RadioUITests.xctest */ = {isa = PBXFileReference; explicitFileType = wrapper.cfbundle; includeInIndex = 0; path = RadioUITests.xctest; sourceTree = BUILT_PRODUCTS_DIR; };
		242DE7EB1E56080300A11093 /* RadioUITests.swift */ = {isa = PBXFileReference; lastKnownFileType = sourcecode.swift; path = RadioUITests.swift; sourceTree = "<group>"; };
		242DE7ED1E56080400A11093 /* Info.plist */ = {isa = PBXFileReference; lastKnownFileType = text.plist.xml; path = Info.plist; sourceTree = "<group>"; };
		242DE7F21E56080400A11093 /* RadioUIUITests.xctest */ = {isa = PBXFileReference; explicitFileType = wrapper.cfbundle; includeInIndex = 0; path = RadioUIUITests.xctest; sourceTree = BUILT_PRODUCTS_DIR; };
		242DE7F61E56080400A11093 /* RadioUIUITests.swift */ = {isa = PBXFileReference; lastKnownFileType = sourcecode.swift; path = RadioUIUITests.swift; sourceTree = "<group>"; };
		242DE7F81E56080400A11093 /* Info.plist */ = {isa = PBXFileReference; lastKnownFileType = text.plist.xml; path = Info.plist; sourceTree = "<group>"; };
		24863D241EC5016D0056A14C /* ShareView.xib */ = {isa = PBXFileReference; fileEncoding = 4; lastKnownFileType = file.xib; path = ShareView.xib; sourceTree = "<group>"; };
		24863D261EC9BD630056A14C /* GenreContentsCell.swift */ = {isa = PBXFileReference; fileEncoding = 4; lastKnownFileType = sourcecode.swift; path = GenreContentsCell.swift; sourceTree = "<group>"; };
		24863D281EC9FAB40056A14C /* SoundSettingsCell.swift */ = {isa = PBXFileReference; fileEncoding = 4; lastKnownFileType = sourcecode.swift; path = SoundSettingsCell.swift; sourceTree = "<group>"; };
		24863D2A1EC9FAE60056A14C /* SettingsViewController.swift */ = {isa = PBXFileReference; fileEncoding = 4; lastKnownFileType = sourcecode.swift; path = SettingsViewController.swift; sourceTree = "<group>"; };
		249BC0931EB27303007FC753 /* DetailViewController.swift */ = {isa = PBXFileReference; fileEncoding = 4; lastKnownFileType = sourcecode.swift; path = DetailViewController.swift; sourceTree = "<group>"; };
		249BC0951EB3C322007FC753 /* LockedStationDetailViewController.swift */ = {isa = PBXFileReference; fileEncoding = 4; lastKnownFileType = sourcecode.swift; path = LockedStationDetailViewController.swift; sourceTree = "<group>"; };
		24D5A75B1EA5246500681778 /* Helpers.swift */ = {isa = PBXFileReference; fileEncoding = 4; lastKnownFileType = sourcecode.swift; path = Helpers.swift; sourceTree = "<group>"; };
		24D5A75D1EA7BF2600681778 /* Podfile */ = {isa = PBXFileReference; fileEncoding = 4; lastKnownFileType = text; path = Podfile; sourceTree = "<group>"; xcLanguageSpecificationIdentifier = xcode.lang.ruby; };
		39C18F00B7F33D124EE608DF /* Pods-RadioUI.debug.xcconfig */ = {isa = PBXFileReference; includeInIndex = 1; lastKnownFileType = text.xcconfig; name = "Pods-RadioUI.debug.xcconfig"; path = "Pods/Target Support Files/Pods-RadioUI/Pods-RadioUI.debug.xcconfig"; sourceTree = "<group>"; };
		5A6AEA2F539F4B57F392319A /* Pods_RadioUI.framework */ = {isa = PBXFileReference; explicitFileType = wrapper.framework; includeInIndex = 0; path = Pods_RadioUI.framework; sourceTree = BUILT_PRODUCTS_DIR; };
		FA7378783A4894323C8D5610 /* Pods-RadioUI.release.xcconfig */ = {isa = PBXFileReference; includeInIndex = 1; lastKnownFileType = text.xcconfig; name = "Pods-RadioUI.release.xcconfig"; path = "Pods/Target Support Files/Pods-RadioUI/Pods-RadioUI.release.xcconfig"; sourceTree = "<group>"; };
/* End PBXFileReference section */

/* Begin PBXFrameworksBuildPhase section */
		242DE7D01E56080300A11093 /* Frameworks */ = {
			isa = PBXFrameworksBuildPhase;
			buildActionMask = 2147483647;
			files = (
				48E2918DE779471FA2BBF689 /* Pods_RadioUI.framework in Frameworks */,
			);
			runOnlyForDeploymentPostprocessing = 0;
		};
		242DE7E41E56080300A11093 /* Frameworks */ = {
			isa = PBXFrameworksBuildPhase;
			buildActionMask = 2147483647;
			files = (
			);
			runOnlyForDeploymentPostprocessing = 0;
		};
		242DE7EF1E56080400A11093 /* Frameworks */ = {
			isa = PBXFrameworksBuildPhase;
			buildActionMask = 2147483647;
			files = (
			);
			runOnlyForDeploymentPostprocessing = 0;
		};
/* End PBXFrameworksBuildPhase section */

/* Begin PBXGroup section */
		242DE7CA1E56080300A11093 = {
			isa = PBXGroup;
			children = (
				24D5A75D1EA7BF2600681778 /* Podfile */,
				242DE7D51E56080300A11093 /* RadioUI */,
				242DE7EA1E56080300A11093 /* RadioUITests */,
				242DE7F51E56080400A11093 /* RadioUIUITests */,
				242DE7D41E56080300A11093 /* Products */,
				29149A7E2E913F995A32B5F3 /* Pods */,
				86DB1DEC2005F9FF6EBFD60C /* Frameworks */,
			);
			sourceTree = "<group>";
		};
		242DE7D41E56080300A11093 /* Products */ = {
			isa = PBXGroup;
			children = (
				242DE7D31E56080300A11093 /* RadioUI.app */,
				242DE7E71E56080300A11093 /* RadioUITests.xctest */,
				242DE7F21E56080400A11093 /* RadioUIUITests.xctest */,
			);
			name = Products;
			sourceTree = "<group>";
		};
		242DE7D51E56080300A11093 /* RadioUI */ = {
			isa = PBXGroup;
			children = (
				242DE7D61E56080300A11093 /* AppDelegate.swift */,
				24D5A75B1EA5246500681778 /* Helpers.swift */,
				242DE7D81E56080300A11093 /* ViewController.swift */,
				240C9CFA1E97C5AF004748F0 /* StationCell.swift */,
				240C9CFC1E97C5D4004748F0 /* GenreCell.swift */,
				249BC0931EB27303007FC753 /* DetailViewController.swift */,
				24863D261EC9BD630056A14C /* GenreContentsCell.swift */,
				249BC0951EB3C322007FC753 /* LockedStationDetailViewController.swift */,
				242DE4681EB9C4AD001479C8 /* UnlockedStationDetailViewController.swift */,
				242DE46A1EB9C70F001479C8 /* TemporaryUnlockedStationDetailViewController.swift */,
				242DE46C1EBC73B4001479C8 /* FavStationsViewController.swift */,
				242DE46E1EBC751D001479C8 /* FavStationCell.swift */,
				24863D2A1EC9FAE60056A14C /* SettingsViewController.swift */,
				242011941ECB3F8F00FDC155 /* AccountSettingsCell.swift */,
				24863D281EC9FAB40056A14C /* SoundSettingsCell.swift */,
				242011961ECB40DB00FDC155 /* FeedbackCell.swift */,
				242DE7DA1E56080300A11093 /* Main.storyboard */,
				24863D241EC5016D0056A14C /* ShareView.xib */,
				242DE7DD1E56080300A11093 /* Assets.xcassets */,
				242DE7DF1E56080300A11093 /* LaunchScreen.storyboard */,
				242DE7E21E56080300A11093 /* Info.plist */,
			);
			path = RadioUI;
			sourceTree = "<group>";
		};
		242DE7EA1E56080300A11093 /* RadioUITests */ = {
			isa = PBXGroup;
			children = (
				242DE7EB1E56080300A11093 /* RadioUITests.swift */,
				242DE7ED1E56080400A11093 /* Info.plist */,
			);
			path = RadioUITests;
			sourceTree = "<group>";
		};
		242DE7F51E56080400A11093 /* RadioUIUITests */ = {
			isa = PBXGroup;
			children = (
				242DE7F61E56080400A11093 /* RadioUIUITests.swift */,
				242DE7F81E56080400A11093 /* Info.plist */,
			);
			path = RadioUIUITests;
			sourceTree = "<group>";
		};
		29149A7E2E913F995A32B5F3 /* Pods */ = {
			isa = PBXGroup;
			children = (
				39C18F00B7F33D124EE608DF /* Pods-RadioUI.debug.xcconfig */,
				FA7378783A4894323C8D5610 /* Pods-RadioUI.release.xcconfig */,
			);
			name = Pods;
			sourceTree = "<group>";
		};
		86DB1DEC2005F9FF6EBFD60C /* Frameworks */ = {
			isa = PBXGroup;
			children = (
				5A6AEA2F539F4B57F392319A /* Pods_RadioUI.framework */,
			);
			name = Frameworks;
			sourceTree = "<group>";
		};
/* End PBXGroup section */

/* Begin PBXNativeTarget section */
		242DE7D21E56080300A11093 /* RadioUI */ = {
			isa = PBXNativeTarget;
			buildConfigurationList = 242DE7FB1E56080400A11093 /* Build configuration list for PBXNativeTarget "RadioUI" */;
			buildPhases = (
				FBA537F238680DB567A96646 /* [CP] Check Pods Manifest.lock */,
				242DE7CF1E56080300A11093 /* Sources */,
				242DE7D01E56080300A11093 /* Frameworks */,
				242DE7D11E56080300A11093 /* Resources */,
				D81ACAA35E9AE22900EDF62C /* [CP] Embed Pods Frameworks */,
				281D5080C6D9FC4AABE66E39 /* [CP] Copy Pods Resources */,
			);
			buildRules = (
			);
			dependencies = (
			);
			name = RadioUI;
			productName = RadioUI;
			productReference = 242DE7D31E56080300A11093 /* RadioUI.app */;
			productType = "com.apple.product-type.application";
		};
		242DE7E61E56080300A11093 /* RadioUITests */ = {
			isa = PBXNativeTarget;
			buildConfigurationList = 242DE7FE1E56080400A11093 /* Build configuration list for PBXNativeTarget "RadioUITests" */;
			buildPhases = (
				242DE7E31E56080300A11093 /* Sources */,
				242DE7E41E56080300A11093 /* Frameworks */,
				242DE7E51E56080300A11093 /* Resources */,
			);
			buildRules = (
			);
			dependencies = (
				242DE7E91E56080300A11093 /* PBXTargetDependency */,
			);
			name = RadioUITests;
			productName = RadioUITests;
			productReference = 242DE7E71E56080300A11093 /* RadioUITests.xctest */;
			productType = "com.apple.product-type.bundle.unit-test";
		};
		242DE7F11E56080400A11093 /* RadioUIUITests */ = {
			isa = PBXNativeTarget;
			buildConfigurationList = 242DE8011E56080400A11093 /* Build configuration list for PBXNativeTarget "RadioUIUITests" */;
			buildPhases = (
				242DE7EE1E56080400A11093 /* Sources */,
				242DE7EF1E56080400A11093 /* Frameworks */,
				242DE7F01E56080400A11093 /* Resources */,
			);
			buildRules = (
			);
			dependencies = (
				242DE7F41E56080400A11093 /* PBXTargetDependency */,
			);
			name = RadioUIUITests;
			productName = RadioUIUITests;
			productReference = 242DE7F21E56080400A11093 /* RadioUIUITests.xctest */;
			productType = "com.apple.product-type.bundle.ui-testing";
		};
/* End PBXNativeTarget section */

/* Begin PBXProject section */
		242DE7CB1E56080300A11093 /* Project object */ = {
			isa = PBXProject;
			attributes = {
				LastSwiftUpdateCheck = 0820;
				LastUpgradeCheck = 0820;
				ORGANIZATIONNAME = Simo;
				TargetAttributes = {
					242DE7D21E56080300A11093 = {
						CreatedOnToolsVersion = 8.2.1;
						DevelopmentTeam = JVSD25TQQG;
						ProvisioningStyle = Automatic;
					};
					242DE7E61E56080300A11093 = {
						CreatedOnToolsVersion = 8.2.1;
						DevelopmentTeam = JVSD25TQQG;
						ProvisioningStyle = Automatic;
						TestTargetID = 242DE7D21E56080300A11093;
					};
					242DE7F11E56080400A11093 = {
						CreatedOnToolsVersion = 8.2.1;
						DevelopmentTeam = JVSD25TQQG;
						ProvisioningStyle = Automatic;
						TestTargetID = 242DE7D21E56080300A11093;
					};
				};
			};
			buildConfigurationList = 242DE7CE1E56080300A11093 /* Build configuration list for PBXProject "RadioUI" */;
			compatibilityVersion = "Xcode 3.2";
			developmentRegion = English;
			hasScannedForEncodings = 0;
			knownRegions = (
				en,
				Base,
			);
			mainGroup = 242DE7CA1E56080300A11093;
			productRefGroup = 242DE7D41E56080300A11093 /* Products */;
			projectDirPath = "";
			projectRoot = "";
			targets = (
				242DE7D21E56080300A11093 /* RadioUI */,
				242DE7E61E56080300A11093 /* RadioUITests */,
				242DE7F11E56080400A11093 /* RadioUIUITests */,
			);
		};
/* End PBXProject section */

/* Begin PBXResourcesBuildPhase section */
		242DE7D11E56080300A11093 /* Resources */ = {
			isa = PBXResourcesBuildPhase;
			buildActionMask = 2147483647;
			files = (
				242DE7E11E56080300A11093 /* LaunchScreen.storyboard in Resources */,
				242DE7DE1E56080300A11093 /* Assets.xcassets in Resources */,
				24D5A75E1EA7BF2600681778 /* Podfile in Resources */,
				24863D251EC5016D0056A14C /* ShareView.xib in Resources */,
				242DE7DC1E56080300A11093 /* Main.storyboard in Resources */,
			);
			runOnlyForDeploymentPostprocessing = 0;
		};
		242DE7E51E56080300A11093 /* Resources */ = {
			isa = PBXResourcesBuildPhase;
			buildActionMask = 2147483647;
			files = (
			);
			runOnlyForDeploymentPostprocessing = 0;
		};
		242DE7F01E56080400A11093 /* Resources */ = {
			isa = PBXResourcesBuildPhase;
			buildActionMask = 2147483647;
			files = (
			);
			runOnlyForDeploymentPostprocessing = 0;
		};
/* End PBXResourcesBuildPhase section */

/* Begin PBXShellScriptBuildPhase section */
		281D5080C6D9FC4AABE66E39 /* [CP] Copy Pods Resources */ = {
			isa = PBXShellScriptBuildPhase;
			buildActionMask = 2147483647;
			files = (
			);
			inputPaths = (
			);
			name = "[CP] Copy Pods Resources";
			outputPaths = (
			);
			runOnlyForDeploymentPostprocessing = 0;
			shellPath = /bin/sh;
			shellScript = "\"${SRCROOT}/Pods/Target Support Files/Pods-RadioUI/Pods-RadioUI-resources.sh\"\n";
			showEnvVarsInLog = 0;
		};
		D81ACAA35E9AE22900EDF62C /* [CP] Embed Pods Frameworks */ = {
			isa = PBXShellScriptBuildPhase;
			buildActionMask = 2147483647;
			files = (
			);
			inputPaths = (
			);
			name = "[CP] Embed Pods Frameworks";
			outputPaths = (
			);
			runOnlyForDeploymentPostprocessing = 0;
			shellPath = /bin/sh;
			shellScript = "\"${SRCROOT}/Pods/Target Support Files/Pods-RadioUI/Pods-RadioUI-frameworks.sh\"\n";
			showEnvVarsInLog = 0;
		};
		FBA537F238680DB567A96646 /* [CP] Check Pods Manifest.lock */ = {
			isa = PBXShellScriptBuildPhase;
			buildActionMask = 2147483647;
			files = (
			);
			inputPaths = (
			);
			name = "[CP] Check Pods Manifest.lock";
			outputPaths = (
			);
			runOnlyForDeploymentPostprocessing = 0;
			shellPath = /bin/sh;
			shellScript = "diff \"${PODS_ROOT}/../Podfile.lock\" \"${PODS_ROOT}/Manifest.lock\" > /dev/null\nif [ $? != 0 ] ; then\n    # print error to STDERR\n    echo \"error: The sandbox is not in sync with the Podfile.lock. Run 'pod install' or update your CocoaPods installation.\" >&2\n    exit 1\nfi\n";
			showEnvVarsInLog = 0;
		};
/* End PBXShellScriptBuildPhase section */

/* Begin PBXSourcesBuildPhase section */
		242DE7CF1E56080300A11093 /* Sources */ = {
			isa = PBXSourcesBuildPhase;
			buildActionMask = 2147483647;
			files = (
				242DE7D91E56080300A11093 /* ViewController.swift in Sources */,
				24D5A75C1EA5246500681778 /* Helpers.swift in Sources */,
				242011971ECB40DB00FDC155 /* FeedbackCell.swift in Sources */,
				242DE7D71E56080300A11093 /* AppDelegate.swift in Sources */,
				242011951ECB3F8F00FDC155 /* AccountSettingsCell.swift in Sources */,
				242DE46D1EBC73B4001479C8 /* FavStationsViewController.swift in Sources */,
				24863D291EC9FAB40056A14C /* SoundSettingsCell.swift in Sources */,
				249BC0961EB3C322007FC753 /* LockedStationDetailViewController.swift in Sources */,
				249BC0941EB27303007FC753 /* DetailViewController.swift in Sources */,
				242DE46B1EB9C70F001479C8 /* TemporaryUnlockedStationDetailViewController.swift in Sources */,
				242DE46F1EBC751D001479C8 /* FavStationCell.swift in Sources */,
				24863D2B1EC9FAE60056A14C /* SettingsViewController.swift in Sources */,
				242DE4691EB9C4AD001479C8 /* UnlockedStationDetailViewController.swift in Sources */,
				24863D271EC9BD630056A14C /* GenreContentsCell.swift in Sources */,
				240C9CFD1E97C5D4004748F0 /* GenreCell.swift in Sources */,
				240C9CFB1E97C5AF004748F0 /* StationCell.swift in Sources */,
			);
			runOnlyForDeploymentPostprocessing = 0;
		};
		242DE7E31E56080300A11093 /* Sources */ = {
			isa = PBXSourcesBuildPhase;
			buildActionMask = 2147483647;
			files = (
				242DE7EC1E56080300A11093 /* RadioUITests.swift in Sources */,
			);
			runOnlyForDeploymentPostprocessing = 0;
		};
		242DE7EE1E56080400A11093 /* Sources */ = {
			isa = PBXSourcesBuildPhase;
			buildActionMask = 2147483647;
			files = (
				242DE7F71E56080400A11093 /* RadioUIUITests.swift in Sources */,
			);
			runOnlyForDeploymentPostprocessing = 0;
		};
/* End PBXSourcesBuildPhase section */

/* Begin PBXTargetDependency section */
		242DE7E91E56080300A11093 /* PBXTargetDependency */ = {
			isa = PBXTargetDependency;
			target = 242DE7D21E56080300A11093 /* RadioUI */;
			targetProxy = 242DE7E81E56080300A11093 /* PBXContainerItemProxy */;
		};
		242DE7F41E56080400A11093 /* PBXTargetDependency */ = {
			isa = PBXTargetDependency;
			target = 242DE7D21E56080300A11093 /* RadioUI */;
			targetProxy = 242DE7F31E56080400A11093 /* PBXContainerItemProxy */;
		};
/* End PBXTargetDependency section */

/* Begin PBXVariantGroup section */
		242DE7DA1E56080300A11093 /* Main.storyboard */ = {
			isa = PBXVariantGroup;
			children = (
				242DE7DB1E56080300A11093 /* Base */,
			);
			name = Main.storyboard;
			sourceTree = "<group>";
		};
		242DE7DF1E56080300A11093 /* LaunchScreen.storyboard */ = {
			isa = PBXVariantGroup;
			children = (
				242DE7E01E56080300A11093 /* Base */,
			);
			name = LaunchScreen.storyboard;
			sourceTree = "<group>";
		};
/* End PBXVariantGroup section */

/* Begin XCBuildConfiguration section */
		242DE7F91E56080400A11093 /* Debug */ = {
			isa = XCBuildConfiguration;
			buildSettings = {
				ALWAYS_SEARCH_USER_PATHS = NO;
				CLANG_ANALYZER_NONNULL = YES;
				CLANG_CXX_LANGUAGE_STANDARD = "gnu++0x";
				CLANG_CXX_LIBRARY = "libc++";
				CLANG_ENABLE_MODULES = YES;
				CLANG_ENABLE_OBJC_ARC = YES;
				CLANG_WARN_BOOL_CONVERSION = YES;
				CLANG_WARN_CONSTANT_CONVERSION = YES;
				CLANG_WARN_DIRECT_OBJC_ISA_USAGE = YES_ERROR;
				CLANG_WARN_DOCUMENTATION_COMMENTS = YES;
				CLANG_WARN_EMPTY_BODY = YES;
				CLANG_WARN_ENUM_CONVERSION = YES;
				CLANG_WARN_INFINITE_RECURSION = YES;
				CLANG_WARN_INT_CONVERSION = YES;
				CLANG_WARN_OBJC_ROOT_CLASS = YES_ERROR;
				CLANG_WARN_SUSPICIOUS_MOVE = YES;
				CLANG_WARN_UNREACHABLE_CODE = YES;
				CLANG_WARN__DUPLICATE_METHOD_MATCH = YES;
				"CODE_SIGN_IDENTITY[sdk=iphoneos*]" = "iPhone Developer";
				COPY_PHASE_STRIP = NO;
				DEBUG_INFORMATION_FORMAT = dwarf;
				ENABLE_STRICT_OBJC_MSGSEND = YES;
				ENABLE_TESTABILITY = YES;
				GCC_C_LANGUAGE_STANDARD = gnu99;
				GCC_DYNAMIC_NO_PIC = NO;
				GCC_NO_COMMON_BLOCKS = YES;
				GCC_OPTIMIZATION_LEVEL = 0;
				GCC_PREPROCESSOR_DEFINITIONS = (
					"DEBUG=1",
					"$(inherited)",
				);
				GCC_WARN_64_TO_32_BIT_CONVERSION = YES;
				GCC_WARN_ABOUT_RETURN_TYPE = YES_ERROR;
				GCC_WARN_UNDECLARED_SELECTOR = YES;
				GCC_WARN_UNINITIALIZED_AUTOS = YES_AGGRESSIVE;
				GCC_WARN_UNUSED_FUNCTION = YES;
				GCC_WARN_UNUSED_VARIABLE = YES;
				IPHONEOS_DEPLOYMENT_TARGET = 10.2;
				MTL_ENABLE_DEBUG_INFO = YES;
				ONLY_ACTIVE_ARCH = YES;
				SDKROOT = iphoneos;
				SWIFT_ACTIVE_COMPILATION_CONDITIONS = DEBUG;
				SWIFT_OPTIMIZATION_LEVEL = "-Onone";
				TARGETED_DEVICE_FAMILY = "1,2";
			};
			name = Debug;
		};
		242DE7FA1E56080400A11093 /* Release */ = {
			isa = XCBuildConfiguration;
			buildSettings = {
				ALWAYS_SEARCH_USER_PATHS = NO;
				CLANG_ANALYZER_NONNULL = YES;
				CLANG_CXX_LANGUAGE_STANDARD = "gnu++0x";
				CLANG_CXX_LIBRARY = "libc++";
				CLANG_ENABLE_MODULES = YES;
				CLANG_ENABLE_OBJC_ARC = YES;
				CLANG_WARN_BOOL_CONVERSION = YES;
				CLANG_WARN_CONSTANT_CONVERSION = YES;
				CLANG_WARN_DIRECT_OBJC_ISA_USAGE = YES_ERROR;
				CLANG_WARN_DOCUMENTATION_COMMENTS = YES;
				CLANG_WARN_EMPTY_BODY = YES;
				CLANG_WARN_ENUM_CONVERSION = YES;
				CLANG_WARN_INFINITE_RECURSION = YES;
				CLANG_WARN_INT_CONVERSION = YES;
				CLANG_WARN_OBJC_ROOT_CLASS = YES_ERROR;
				CLANG_WARN_SUSPICIOUS_MOVE = YES;
				CLANG_WARN_UNREACHABLE_CODE = YES;
				CLANG_WARN__DUPLICATE_METHOD_MATCH = YES;
				"CODE_SIGN_IDENTITY[sdk=iphoneos*]" = "iPhone Developer";
				COPY_PHASE_STRIP = NO;
				DEBUG_INFORMATION_FORMAT = "dwarf-with-dsym";
				ENABLE_NS_ASSERTIONS = NO;
				ENABLE_STRICT_OBJC_MSGSEND = YES;
				GCC_C_LANGUAGE_STANDARD = gnu99;
				GCC_NO_COMMON_BLOCKS = YES;
				GCC_WARN_64_TO_32_BIT_CONVERSION = YES;
				GCC_WARN_ABOUT_RETURN_TYPE = YES_ERROR;
				GCC_WARN_UNDECLARED_SELECTOR = YES;
				GCC_WARN_UNINITIALIZED_AUTOS = YES_AGGRESSIVE;
				GCC_WARN_UNUSED_FUNCTION = YES;
				GCC_WARN_UNUSED_VARIABLE = YES;
				IPHONEOS_DEPLOYMENT_TARGET = 10.2;
				MTL_ENABLE_DEBUG_INFO = NO;
				SDKROOT = iphoneos;
				SWIFT_OPTIMIZATION_LEVEL = "-Owholemodule";
				TARGETED_DEVICE_FAMILY = "1,2";
				VALIDATE_PRODUCT = YES;
			};
			name = Release;
		};
		242DE7FC1E56080400A11093 /* Debug */ = {
			isa = XCBuildConfiguration;
			baseConfigurationReference = 39C18F00B7F33D124EE608DF /* Pods-RadioUI.debug.xcconfig */;
			buildSettings = {
				ASSETCATALOG_COMPILER_APPICON_NAME = AppIcon;
				DEVELOPMENT_TEAM = JVSD25TQQG;
				INFOPLIST_FILE = RadioUI/Info.plist;
				LD_RUNPATH_SEARCH_PATHS = "$(inherited) @executable_path/Frameworks";
				PRODUCT_BUNDLE_IDENTIFIER = com.Simo.RadioUI;
				PRODUCT_NAME = "$(TARGET_NAME)";
				SWIFT_VERSION = 3.0;
			};
			name = Debug;
		};
		242DE7FD1E56080400A11093 /* Release */ = {
			isa = XCBuildConfiguration;
			baseConfigurationReference = FA7378783A4894323C8D5610 /* Pods-RadioUI.release.xcconfig */;
			buildSettings = {
				ASSETCATALOG_COMPILER_APPICON_NAME = AppIcon;
				DEVELOPMENT_TEAM = JVSD25TQQG;
				INFOPLIST_FILE = RadioUI/Info.plist;
				LD_RUNPATH_SEARCH_PATHS = "$(inherited) @executable_path/Frameworks";
				PRODUCT_BUNDLE_IDENTIFIER = com.Simo.RadioUI;
				PRODUCT_NAME = "$(TARGET_NAME)";
				SWIFT_VERSION = 3.0;
			};
			name = Release;
		};
		242DE7FF1E56080400A11093 /* Debug */ = {
			isa = XCBuildConfiguration;
			buildSettings = {
				ALWAYS_EMBED_SWIFT_STANDARD_LIBRARIES = YES;
				BUNDLE_LOADER = "$(TEST_HOST)";
				DEVELOPMENT_TEAM = JVSD25TQQG;
				INFOPLIST_FILE = RadioUITests/Info.plist;
				LD_RUNPATH_SEARCH_PATHS = "$(inherited) @executable_path/Frameworks @loader_path/Frameworks";
				PRODUCT_BUNDLE_IDENTIFIER = com.Simo.RadioUITests;
				PRODUCT_NAME = "$(TARGET_NAME)";
				SWIFT_VERSION = 3.0;
				TEST_HOST = "$(BUILT_PRODUCTS_DIR)/RadioUI.app/RadioUI";
			};
			name = Debug;
		};
		242DE8001E56080400A11093 /* Release */ = {
			isa = XCBuildConfiguration;
			buildSettings = {
				ALWAYS_EMBED_SWIFT_STANDARD_LIBRARIES = YES;
				BUNDLE_LOADER = "$(TEST_HOST)";
				DEVELOPMENT_TEAM = JVSD25TQQG;
				INFOPLIST_FILE = RadioUITests/Info.plist;
				LD_RUNPATH_SEARCH_PATHS = "$(inherited) @executable_path/Frameworks @loader_path/Frameworks";
				PRODUCT_BUNDLE_IDENTIFIER = com.Simo.RadioUITests;
				PRODUCT_NAME = "$(TARGET_NAME)";
				SWIFT_VERSION = 3.0;
				TEST_HOST = "$(BUILT_PRODUCTS_DIR)/RadioUI.app/RadioUI";
			};
			name = Release;
		};
		242DE8021E56080400A11093 /* Debug */ = {
			isa = XCBuildConfiguration;
			buildSettings = {
				ALWAYS_EMBED_SWIFT_STANDARD_LIBRARIES = YES;
				DEVELOPMENT_TEAM = JVSD25TQQG;
				INFOPLIST_FILE = RadioUIUITests/Info.plist;
				LD_RUNPATH_SEARCH_PATHS = "$(inherited) @executable_path/Frameworks @loader_path/Frameworks";
				PRODUCT_BUNDLE_IDENTIFIER = com.Simo.RadioUIUITests;
				PRODUCT_NAME = "$(TARGET_NAME)";
				SWIFT_VERSION = 3.0;
				TEST_TARGET_NAME = RadioUI;
			};
			name = Debug;
		};
		242DE8031E56080400A11093 /* Release */ = {
			isa = XCBuildConfiguration;
			buildSettings = {
				ALWAYS_EMBED_SWIFT_STANDARD_LIBRARIES = YES;
				DEVELOPMENT_TEAM = JVSD25TQQG;
				INFOPLIST_FILE = RadioUIUITests/Info.plist;
				LD_RUNPATH_SEARCH_PATHS = "$(inherited) @executable_path/Frameworks @loader_path/Frameworks";
				PRODUCT_BUNDLE_IDENTIFIER = com.Simo.RadioUIUITests;
				PRODUCT_NAME = "$(TARGET_NAME)";
				SWIFT_VERSION = 3.0;
				TEST_TARGET_NAME = RadioUI;
			};
			name = Release;
		};
/* End XCBuildConfiguration section */

/* Begin XCConfigurationList section */
		242DE7CE1E56080300A11093 /* Build configuration list for PBXProject "RadioUI" */ = {
			isa = XCConfigurationList;
			buildConfigurations = (
				242DE7F91E56080400A11093 /* Debug */,
				242DE7FA1E56080400A11093 /* Release */,
			);
			defaultConfigurationIsVisible = 0;
			defaultConfigurationName = Release;
		};
		242DE7FB1E56080400A11093 /* Build configuration list for PBXNativeTarget "RadioUI" */ = {
			isa = XCConfigurationList;
			buildConfigurations = (
				242DE7FC1E56080400A11093 /* Debug */,
				242DE7FD1E56080400A11093 /* Release */,
			);
			defaultConfigurationIsVisible = 0;
			defaultConfigurationName = Release;
		};
		242DE7FE1E56080400A11093 /* Build configuration list for PBXNativeTarget "RadioUITests" */ = {
			isa = XCConfigurationList;
			buildConfigurations = (
				242DE7FF1E56080400A11093 /* Debug */,
				242DE8001E56080400A11093 /* Release */,
			);
			defaultConfigurationIsVisible = 0;
			defaultConfigurationName = Release;
		};
		242DE8011E56080400A11093 /* Build configuration list for PBXNativeTarget "RadioUIUITests" */ = {
			isa = XCConfigurationList;
			buildConfigurations = (
				242DE8021E56080400A11093 /* Debug */,
				242DE8031E56080400A11093 /* Release */,
			);
			defaultConfigurationIsVisible = 0;
			defaultConfigurationName = Release;
		};
/* End XCConfigurationList section */
	};
	rootObject = 242DE7CB1E56080300A11093 /* Project object */;
}
